{
  "lockfileVersion": 1,
  "workspaces": {
    "": {
      "name": "vite",
      "dependencies": {
        "@hellajs/core": "^0.11.0",
        "@hellajs/css": "^0.11.0",
        "@hellajs/dom": "^0.11.17",
      },
      "devDependencies": {
        "typescript": "^5.8.3",
        "vite": "^7.0.0",
        "vite-plugin-hellajs": "^0.7.0",
      },
    },
  },
  "packages": {
    "@ampproject/remapping": ["@ampproject/remapping@2.3.0", "", { "dependencies": { "@jridgewell/gen-mapping": "^0.3.5", "@jridgewell/trace-mapping": "^0.3.24" } }, "sha512-30iZtAPgz+LTIYoeivqYo853f02jBYSd5uGnGpkFV0M3xOt9aN73erkgYAmZU43x4VfqcnLxW9Kpg3R5LC4YYw=="],

    "@babel/code-frame": ["@babel/code-frame@7.27.1", "", { "dependencies": { "@babel/helper-validator-identifier": "^7.27.1", "js-tokens": "^4.0.0", "picocolors": "^1.1.1" } }, "sha512-cjQ7ZlQ0Mv3b47hABuTevyTuYN4i+loJKGeV9flcCgIK37cCXRh+L1bd3iBHlynerhQ7BhCkn2BPbQUL+rGqFg=="],

    "@babel/compat-data": ["@babel/compat-data@7.27.5", "", {}, "sha512-KiRAp/VoJaWkkte84TvUd9qjdbZAdiqyvMxrGl1N6vzFogKmaLgoM3L1kgtLicp2HP5fBJS8JrZKLVIZGVJAVg=="],

    "@babel/core": ["@babel/core@7.27.4", "", { "dependencies": { "@ampproject/remapping": "^2.2.0", "@babel/code-frame": "^7.27.1", "@babel/generator": "^7.27.3", "@babel/helper-compilation-targets": "^7.27.2", "@babel/helper-module-transforms": "^7.27.3", "@babel/helpers": "^7.27.4", "@babel/parser": "^7.27.4", "@babel/template": "^7.27.2", "@babel/traverse": "^7.27.4", "@babel/types": "^7.27.3", "convert-source-map": "^2.0.0", "debug": "^4.1.0", "gensync": "^1.0.0-beta.2", "json5": "^2.2.3", "semver": "^6.3.1" } }, "sha512-bXYxrXFubeYdvB0NhD/NBB3Qi6aZeV20GOWVI47t2dkecCEoneR4NPVcb7abpXDEvejgrUfFtG6vG/zxAKmg+g=="],

    "@babel/generator": ["@babel/generator@7.27.5", "", { "dependencies": { "@babel/parser": "^7.27.5", "@babel/types": "^7.27.3", "@jridgewell/gen-mapping": "^0.3.5", "@jridgewell/trace-mapping": "^0.3.25", "jsesc": "^3.0.2" } }, "sha512-ZGhA37l0e/g2s1Cnzdix0O3aLYm66eF8aufiVteOgnwxgnRP8GoyMj7VWsgWnQbVKXyge7hqrFh2K2TQM6t1Hw=="],

    "@babel/helper-annotate-as-pure": ["@babel/helper-annotate-as-pure@7.27.3", "", { "dependencies": { "@babel/types": "^7.27.3" } }, "sha512-fXSwMQqitTGeHLBC08Eq5yXz2m37E4pJX1qAU1+2cNedz/ifv/bVXft90VeSav5nFO61EcNgwr0aJxbyPaWBPg=="],

    "@babel/helper-compilation-targets": ["@babel/helper-compilation-targets@7.27.2", "", { "dependencies": { "@babel/compat-data": "^7.27.2", "@babel/helper-validator-option": "^7.27.1", "browserslist": "^4.24.0", "lru-cache": "^5.1.1", "semver": "^6.3.1" } }, "sha512-2+1thGUUWWjLTYTHZWK1n8Yga0ijBz1XAhUXcKy81rd5g6yh7hGqMp45v7cadSbEHc9G3OTv45SyneRN3ps4DQ=="],

    "@babel/helper-create-class-features-plugin": ["@babel/helper-create-class-features-plugin@7.27.1", "", { "dependencies": { "@babel/helper-annotate-as-pure": "^7.27.1", "@babel/helper-member-expression-to-functions": "^7.27.1", "@babel/helper-optimise-call-expression": "^7.27.1", "@babel/helper-replace-supers": "^7.27.1", "@babel/helper-skip-transparent-expression-wrappers": "^7.27.1", "@babel/traverse": "^7.27.1", "semver": "^6.3.1" }, "peerDependencies": { "@babel/core": "^7.0.0" } }, "sha512-QwGAmuvM17btKU5VqXfb+Giw4JcN0hjuufz3DYnpeVDvZLAObloM77bhMXiqry3Iio+Ai4phVRDwl6WU10+r5A=="],

    "@babel/helper-member-expression-to-functions": ["@babel/helper-member-expression-to-functions@7.27.1", "", { "dependencies": { "@babel/traverse": "^7.27.1", "@babel/types": "^7.27.1" } }, "sha512-E5chM8eWjTp/aNoVpcbfM7mLxu9XGLWYise2eBKGQomAk/Mb4XoxyqXTZbuTohbsl8EKqdlMhnDI2CCLfcs9wA=="],

    "@babel/helper-module-imports": ["@babel/helper-module-imports@7.27.1", "", { "dependencies": { "@babel/traverse": "^7.27.1", "@babel/types": "^7.27.1" } }, "sha512-0gSFWUPNXNopqtIPQvlD5WgXYI5GY2kP2cCvoT8kczjbfcfuIljTbcWrulD1CIPIX2gt1wghbDy08yE1p+/r3w=="],

    "@babel/helper-module-transforms": ["@babel/helper-module-transforms@7.27.3", "", { "dependencies": { "@babel/helper-module-imports": "^7.27.1", "@babel/helper-validator-identifier": "^7.27.1", "@babel/traverse": "^7.27.3" }, "peerDependencies": { "@babel/core": "^7.0.0" } }, "sha512-dSOvYwvyLsWBeIRyOeHXp5vPj5l1I011r52FM1+r1jCERv+aFXYk4whgQccYEGYxK2H3ZAIA8nuPkQ0HaUo3qg=="],

    "@babel/helper-optimise-call-expression": ["@babel/helper-optimise-call-expression@7.27.1", "", { "dependencies": { "@babel/types": "^7.27.1" } }, "sha512-URMGH08NzYFhubNSGJrpUEphGKQwMQYBySzat5cAByY1/YgIRkULnIy3tAMeszlL/so2HbeilYloUmSpd7GdVw=="],

    "@babel/helper-plugin-utils": ["@babel/helper-plugin-utils@7.27.1", "", {}, "sha512-1gn1Up5YXka3YYAHGKpbideQ5Yjf1tDa9qYcgysz+cNCXukyLl6DjPXhD3VRwSb8c0J9tA4b2+rHEZtc6R0tlw=="],

    "@babel/helper-replace-supers": ["@babel/helper-replace-supers@7.27.1", "", { "dependencies": { "@babel/helper-member-expression-to-functions": "^7.27.1", "@babel/helper-optimise-call-expression": "^7.27.1", "@babel/traverse": "^7.27.1" }, "peerDependencies": { "@babel/core": "^7.0.0" } }, "sha512-7EHz6qDZc8RYS5ElPoShMheWvEgERonFCs7IAonWLLUTXW59DP14bCZt89/GKyreYn8g3S83m21FelHKbeDCKA=="],

    "@babel/helper-skip-transparent-expression-wrappers": ["@babel/helper-skip-transparent-expression-wrappers@7.27.1", "", { "dependencies": { "@babel/traverse": "^7.27.1", "@babel/types": "^7.27.1" } }, "sha512-Tub4ZKEXqbPjXgWLl2+3JpQAYBJ8+ikpQ2Ocj/q/r0LwE3UhENh7EUabyHjz2kCEsrRY83ew2DQdHluuiDQFzg=="],

    "@babel/helper-string-parser": ["@babel/helper-string-parser@7.27.1", "", {}, "sha512-qMlSxKbpRlAridDExk92nSobyDdpPijUq2DW6oDnUqd0iOGxmQjyqhMIihI9+zv4LPyZdRje2cavWPbCbWm3eA=="],

    "@babel/helper-validator-identifier": ["@babel/helper-validator-identifier@7.27.1", "", {}, "sha512-D2hP9eA+Sqx1kBZgzxZh0y1trbuU+JoDkiEwqhQ36nodYqJwyEIhPSdMNd7lOm/4io72luTPWH20Yda0xOuUow=="],

    "@babel/helper-validator-option": ["@babel/helper-validator-option@7.27.1", "", {}, "sha512-YvjJow9FxbhFFKDSuFnVCe2WxXk1zWc22fFePVNEaWJEu8IrZVlda6N0uHwzZrUM1il7NC9Mlp4MaJYbYd9JSg=="],

    "@babel/helpers": ["@babel/helpers@7.27.6", "", { "dependencies": { "@babel/template": "^7.27.2", "@babel/types": "^7.27.6" } }, "sha512-muE8Tt8M22638HU31A3CgfSUciwz1fhATfoVai05aPXGor//CdWDCbnlY1yvBPo07njuVOCNGCSp/GTt12lIug=="],

    "@babel/parser": ["@babel/parser@7.27.5", "", { "dependencies": { "@babel/types": "^7.27.3" }, "bin": { "parser": "bin/babel-parser.js" } }, "sha512-OsQd175SxWkGlzbny8J3K8TnnDD0N3lrIUtB92xwyRpzaenGZhxDvxN/JgU00U3CDZNj9tPuDJ5H0WS4Nt3vKg=="],

    "@babel/plugin-syntax-jsx": ["@babel/plugin-syntax-jsx@7.27.1", "", { "dependencies": { "@babel/helper-plugin-utils": "^7.27.1" }, "peerDependencies": { "@babel/core": "^7.0.0-0" } }, "sha512-y8YTNIeKoyhGd9O0Jiyzyyqk8gdjnumGTQPsz0xOZOQ2RmkVJeZ1vmmfIvFEKqucBG6axJGBZDE/7iI5suUI/w=="],

    "@babel/plugin-syntax-typescript": ["@babel/plugin-syntax-typescript@7.27.1", "", { "dependencies": { "@babel/helper-plugin-utils": "^7.27.1" }, "peerDependencies": { "@babel/core": "^7.0.0-0" } }, "sha512-xfYCBMxveHrRMnAWl1ZlPXOZjzkN82THFvLhQhFXFt81Z5HnN+EtUkZhv/zcKpmT3fzmWZB0ywiBrbC3vogbwQ=="],

    "@babel/plugin-transform-modules-commonjs": ["@babel/plugin-transform-modules-commonjs@7.27.1", "", { "dependencies": { "@babel/helper-module-transforms": "^7.27.1", "@babel/helper-plugin-utils": "^7.27.1" }, "peerDependencies": { "@babel/core": "^7.0.0-0" } }, "sha512-OJguuwlTYlN0gBZFRPqwOGNWssZjfIUdS7HMYtN8c1KmwpwHFBwTeFZrg9XZa+DFTitWOW5iTAG7tyCUPsCCyw=="],

    "@babel/plugin-transform-typescript": ["@babel/plugin-transform-typescript@7.27.1", "", { "dependencies": { "@babel/helper-annotate-as-pure": "^7.27.1", "@babel/helper-create-class-features-plugin": "^7.27.1", "@babel/helper-plugin-utils": "^7.27.1", "@babel/helper-skip-transparent-expression-wrappers": "^7.27.1", "@babel/plugin-syntax-typescript": "^7.27.1" }, "peerDependencies": { "@babel/core": "^7.0.0-0" } }, "sha512-Q5sT5+O4QUebHdbwKedFBEwRLb02zJ7r4A5Gg2hUoLuU3FjdMcyqcywqUrLCaDsFCxzokf7u9kuy7qz51YUuAg=="],

    "@babel/preset-typescript": ["@babel/preset-typescript@7.27.1", "", { "dependencies": { "@babel/helper-plugin-utils": "^7.27.1", "@babel/helper-validator-option": "^7.27.1", "@babel/plugin-syntax-jsx": "^7.27.1", "@babel/plugin-transform-modules-commonjs": "^7.27.1", "@babel/plugin-transform-typescript": "^7.27.1" }, "peerDependencies": { "@babel/core": "^7.0.0-0" } }, "sha512-l7WfQfX0WK4M0v2RudjuQK4u99BS6yLHYEmdtVPP7lKV013zr9DygFuWNlnbvQ9LR+LS0Egz/XAvGx5U9MX0fQ=="],

    "@babel/template": ["@babel/template@7.27.2", "", { "dependencies": { "@babel/code-frame": "^7.27.1", "@babel/parser": "^7.27.2", "@babel/types": "^7.27.1" } }, "sha512-LPDZ85aEJyYSd18/DkjNh4/y1ntkE5KwUHWTiqgRxruuZL2F1yuHligVHLvcHY2vMHXttKFpJn6LwfI7cw7ODw=="],

    "@babel/traverse": ["@babel/traverse@7.27.4", "", { "dependencies": { "@babel/code-frame": "^7.27.1", "@babel/generator": "^7.27.3", "@babel/parser": "^7.27.4", "@babel/template": "^7.27.2", "@babel/types": "^7.27.3", "debug": "^4.3.1", "globals": "^11.1.0" } }, "sha512-oNcu2QbHqts9BtOWJosOVJapWjBDSxGCpFvikNR5TGDYDQf3JwpIoMzIKrvfoti93cLfPJEG4tH9SPVeyCGgdA=="],

    "@babel/types": ["@babel/types@7.27.6", "", { "dependencies": { "@babel/helper-string-parser": "^7.27.1", "@babel/helper-validator-identifier": "^7.27.1" } }, "sha512-ETyHEk2VHHvl9b9jZP5IHPavHYk57EhanlRRuae9XCpb/j5bDCbPPMOBfCWhnl/7EDJz0jEMCi/RhccCE8r1+Q=="],

    "@esbuild/linux-x64": ["@esbuild/linux-x64@0.25.5", "", { "os": "linux", "cpu": "x64" }, ""],

    "@hellajs/core": ["@hellajs/core@0.11.1", "", {}, ""],

    "@hellajs/css": ["@hellajs/css@0.11.0", "", { "dependencies": { "csstype": "^3.1.3" } }, "sha512-MLEBJ2N1XnSlN9hUMRHLOqQbNKHpAkprHqt/bKXEQXpLeGsAd/qi+KYIX2SsJO9bE5ids4ZYq7HcEputaB6XXQ=="],

    "@hellajs/dom": ["@hellajs/dom@0.11.17", "", { "dependencies": { "csstype": "^3.1.3" }, "peerDependencies": { "@hellajs/core": "^0.11.0" } }, "sha512-yiwpbN1V8kF1NbNwXhpbE0lwwp91v/gFbIS0rVyWlWO3lgspY+/6c6970p3mTrLq1NgjaZ8jQa3HYaX/QG3lVw=="],

    "@jridgewell/gen-mapping": ["@jridgewell/gen-mapping@0.3.8", "", { "dependencies": { "@jridgewell/set-array": "^1.2.1", "@jridgewell/sourcemap-codec": "^1.4.10", "@jridgewell/trace-mapping": "^0.3.24" } }, "sha512-imAbBGkb+ebQyxKgzv5Hu2nmROxoDOXHh80evxdoXNOrvAnVx7zimzc1Oo5h9RlfV4vPXaE2iM5pOFbvOCClWA=="],

    "@jridgewell/resolve-uri": ["@jridgewell/resolve-uri@3.1.2", "", {}, "sha512-bRISgCIjP20/tbWSPWMEi54QVPRZExkuD9lJL+UIxUKtwVJA8wW1Trb1jMs1RFXo1CBTNZ/5hpC9QvmKWdopKw=="],

    "@jridgewell/set-array": ["@jridgewell/set-array@1.2.1", "", {}, "sha512-R8gLRTZeyp03ymzP/6Lil/28tGeGEzhx1q2k703KGWRAI1VdvPIXdG70VJc2pAMw3NA6JKL5hhFu1sJX0Mnn/A=="],

    "@jridgewell/sourcemap-codec": ["@jridgewell/sourcemap-codec@1.5.0", "", {}, "sha512-gv3ZRaISU3fjPAgNsriBRqGWQL6quFx04YMPW/zD8XMLsU32mhCCbfbO6KZFLjvYpCZ8zyDEgqsgf+PwPaM7GQ=="],

    "@jridgewell/trace-mapping": ["@jridgewell/trace-mapping@0.3.25", "", { "dependencies": { "@jridgewell/resolve-uri": "^3.1.0", "@jridgewell/sourcemap-codec": "^1.4.14" } }, "sha512-vNk6aEwybGtawWmy/PzwnGDOjCkLWSD2wqvjGGAgOAwCGWySYXfYoxt00IJkTF+8Lb57DwOb3Aa0o9CApepiYQ=="],

    "@rollup/rollup-linux-x64-gnu": ["@rollup/rollup-linux-x64-gnu@4.44.1", "", { "os": "linux", "cpu": "x64" }, ""],

    "@rollup/rollup-linux-x64-musl": ["@rollup/rollup-linux-x64-musl@4.44.1", "", { "os": "linux", "cpu": "x64" }, ""],

    "@types/estree": ["@types/estree@1.0.8", "", {}, ""],

    "babel-plugin-hellajs": ["babel-plugin-hellajs@0.4.5", "", { "dependencies": { "@babel/core": "^7.27.4", "@babel/plugin-syntax-jsx": "^7.27.1", "@babel/traverse": "^7.27.4", "@babel/types": "^7.27.6" }, "peerDependencies": { "typescript": "^5" } }, "sha512-CLKb5Hidm7isAe3KJrg9CMk+wi0Y3y1kfacLMuDFqBELVovu/AwhdYw/squ6JsBLVkv7nhHWReLbb1rW9XuR2g=="],

    "browserslist": ["browserslist@4.25.1", "", { "dependencies": { "caniuse-lite": "^1.0.30001726", "electron-to-chromium": "^1.5.173", "node-releases": "^2.0.19", "update-browserslist-db": "^1.1.3" }, "bin": "cli.js" }, "sha512-KGj0KoOMXLpSNkkEI6Z6mShmQy0bc1I+T7K9N81k4WWMrfz+6fQ6es80B/YLAeRoKvjYE1YSHHOW1qe9xIVzHw=="],

    "caniuse-lite": ["caniuse-lite@1.0.30001726", "", {}, "sha512-VQAUIUzBiZ/UnlM28fSp2CRF3ivUn1BWEvxMcVTNwpw91Py1pGbPIyIKtd+tzct9C3ouceCVdGAXxZOpZAsgdw=="],

    "convert-source-map": ["convert-source-map@2.0.0", "", {}, "sha512-Kvp459HrV2FEJ1CAsi1Ku+MY3kasH19TFykTz2xWmMeq6bk2NU3XXvfJ+Q61m0xktWwt+1HSYf3JZsTms3aRJg=="],

    "csstype": ["csstype@3.1.3", "", {}, ""],

    "debug": ["debug@4.4.1", "", { "dependencies": { "ms": "^2.1.3" } }, "sha512-KcKCqiftBJcZr++7ykoDIEwSa3XWowTfNPo92BYxjXiyYEVrUQh2aLyhxBCwww+heortUFxEJYcRzosstTEBYQ=="],

    "electron-to-chromium": ["electron-to-chromium@1.5.176", "", {}, "sha512-2nDK9orkm7M9ZZkjO3PjbEd3VUulQLyg5T9O3enJdFvUg46Hzd4DUvTvAuEgbdHYXyFsiG4A5sO9IzToMH1cDg=="],

    "esbuild": ["esbuild@0.25.5", "", { "optionalDependencies": { "@esbuild/linux-x64": "0.25.5" }, "bin": "bin/esbuild" }, ""],

    "escalade": ["escalade@3.2.0", "", {}, "sha512-WUj2qlxaQtO4g6Pq5c29GTcWGDyd8itL8zTlipgECz3JesAiiOKotd8JU6otB3PACgG6xkJUyVhboMS+bje/jA=="],

    "fdir": ["fdir@6.4.6", "", { "peerDependencies": { "picomatch": "^3 || ^4" } }, ""],

    "gensync": ["gensync@1.0.0-beta.2", "", {}, "sha512-3hN7NaskYvMDLQY55gnW3NQ+mesEAepTqlg+VEbj7zzqEMBVNhzcGYYeqFo/TlYz6eQiFcp1HcsCZO+nGgS8zg=="],

    "globals": ["globals@11.12.0", "", {}, "sha512-WOBp/EEGUiIsJSp7wcv/y6MO+lV9UoncWqxuFfm8eBwzWNgyfBd6Gz+IeKQ9jCmyhoH99g15M3T+QaVHFjizVA=="],

    "js-tokens": ["js-tokens@4.0.0", "", {}, "sha512-RdJUflcE3cUzKiMqQgsCu06FPu9UdIJO0beYbPhHN4k6apgJtifcoCtT9bcxOpYBtpD2kCM6Sbzg4CausW/PKQ=="],

    "jsesc": ["jsesc@3.1.0", "", { "bin": "bin/jsesc" }, "sha512-/sM3dO2FOzXjKQhJuo0Q173wf2KOo8t4I8vHy6lF9poUp7bKT0/NHE8fPX23PwfhnykfqnC2xRxOnVw5XuGIaA=="],

    "json5": ["json5@2.2.3", "", { "bin": "lib/cli.js" }, "sha512-XmOWe7eyHYH14cLdVPoyg+GOH3rYX++KpzrylJwSW98t3Nk+U8XOl8FWKOgwtzdb8lXGf6zYwDUzeHMWfxasyg=="],

    "lru-cache": ["lru-cache@5.1.1", "", { "dependencies": { "yallist": "^3.0.2" } }, "sha512-KpNARQA3Iwv+jTA0utUVVbrh+Jlrr1Fv0e56GGzAFOXN7dk/FviaDW8LHmK52DlcH4WP2n6gI8vN1aesBFgo9w=="],

    "ms": ["ms@2.1.3", "", {}, "sha512-6FlzubTLZG3J2a/NVCAleEhjzq5oxgHyaCU9yYXvcLsvoVaHJq/s5xXI6/XXP6tz7R9xAOtHnSO/tXtF3WRTlA=="],

    "nanoid": ["nanoid@3.3.11", "", { "bin": "bin/nanoid.cjs" }, ""],

    "node-releases": ["node-releases@2.0.19", "", {}, "sha512-xxOWJsBKtzAq7DY0J+DTzuz58K8e7sJbdgwkbMWQe8UYB6ekmsQ45q0M/tJDsGaZmbC+l7n57UV8Hl5tHxO9uw=="],

    "picocolors": ["picocolors@1.1.1", "", {}, ""],

    "picomatch": ["picomatch@4.0.2", "", {}, ""],

    "postcss": ["postcss@8.5.6", "", { "dependencies": { "nanoid": "^3.3.11", "picocolors": "^1.1.1", "source-map-js": "^1.2.1" } }, ""],

    "rollup": ["rollup@4.44.1", "", { "dependencies": { "@types/estree": "1.0.8" }, "optionalDependencies": { "@rollup/rollup-linux-x64-gnu": "4.44.1", "@rollup/rollup-linux-x64-musl": "4.44.1" }, "bin": "dist/bin/rollup" }, ""],

    "semver": ["semver@6.3.1", "", { "bin": "bin/semver.js" }, "sha512-BR7VvDCVHO+q2xBEWskxS6DJE1qRnb7DxzUrogb71CWoSficBxYsiAGd+Kl0mmq/MprG9yArRkyrQxTO6XjMzA=="],

    "source-map-js": ["source-map-js@1.2.1", "", {}, ""],

    "tinyglobby": ["tinyglobby@0.2.14", "", { "dependencies": { "fdir": "^6.4.4", "picomatch": "^4.0.2" } }, ""],

    "typescript": ["typescript@5.8.3", "", { "bin": { "tsc": "bin/tsc", "tsserver": "bin/tsserver" } }, ""],

    "update-browserslist-db": ["update-browserslist-db@1.1.3", "", { "dependencies": { "escalade": "^3.2.0", "picocolors": "^1.1.1" }, "peerDependencies": { "browserslist": ">= 4.21.0" }, "bin": "cli.js" }, "sha512-UxhIZQ+QInVdunkDAaiazvvT/+fXL5Osr0JZlJulepYu6Jd7qJtDZjlur0emRlT71EN3ScPoE7gvsuIKKNavKw=="],

    "vite": ["vite@7.0.0", "", { "dependencies": { "esbuild": "^0.25.0", "fdir": "^6.4.6", "picomatch": "^4.0.2", "postcss": "^8.5.6", "rollup": "^4.40.0", "tinyglobby": "^0.2.14" }, "peerDependencies": { "@types/node": "^20.19.0 || >=22.12.0", "jiti": ">=1.21.0", "less": "^4.0.0", "lightningcss": "^1.21.0", "sass": "^1.70.0", "sass-embedded": "^1.70.0", "stylus": ">=0.54.8", "sugarss": "^5.0.0", "terser": "^5.16.0", "tsx": "^4.8.1", "yaml": "^2.4.2" }, "optionalPeers": ["@types/node", "jiti", "less", "lightningcss", "sass", "sass-embedded", "stylus", "sugarss", "terser", "tsx", "yaml"], "bin": "bin/vite.js" }, ""],

    "vite-plugin-hellajs": ["vite-plugin-hellajs@0.7.0", "", { "dependencies": { "@babel/core": "^7.27.4", "@babel/preset-typescript": "^7.27.1", "babel-plugin-hellajs": "^0.4.5" } }, "sha512-stGhSQuBkkB3yBJt5AzZHED56vfd2wRd5PSMA6kApiKO/CBmEJYOXBPATt5NQ3jASRMLhXVrCfyYKdgWuXpajw=="],

    "yallist": ["yallist@3.1.1", "", {}, "sha512-a4UGQaWPH59mOXUYnAG2ewncQS4i4F43Tv3JoAM+s2VDAmS9NsK8GpDMLrCHPksFT7h3K6TOoUNn2pb7RoXx4g=="],
  }
}
